
Microsoft Visual Studio Solution File, Format Version 12.00
# Visual Studio 15
VisualStudioVersion = 15.0.28307.779
MinimumVisualStudioVersion = 10.0.40219.1
Project("{FAE04EC0-301F-11D3-BF4B-00C04F79EFBC}") = "kalkulator", "kalkulator\kalkulator.csproj", "{CAD165A1-0B19-45CA-9D2F-56307A704538}"
EndProject
Global
	GlobalSection(SolutionConfigurationPlatforms) = preSolution
		Debug|Any CPU = Debug|Any CPU
		Release|Any CPU = Release|Any CPU
	EndGlobalSection
	GlobalSection(ProjectConfigurationPlatforms) = postSolution
		{CAD165A1-0B19-45CA-9D2F-56307A704538}.Debug|Any CPU.ActiveCfg = Debug|Any CPU
		{CAD165A1-0B19-45CA-9D2F-56307A704538}.Debug|Any CPU.Build.0 = Debug|Any CPU
		{CAD165A1-0B19-45CA-9D2F-56307A704538}.Release|Any CPU.ActiveCfg = Release|Any CPU
		{CAD165A1-0B19-45CA-9D2F-56307A704538}.Release|Any CPU.Build.0 = Release|Any CPU
	EndGlobalSection
	GlobalSection(SolutionProperties) = preSolution
		HideSolutionNode = FALSE
	EndGlobalSection
	GlobalSection(ExtensibilityGlobals) = postSolution
		SolutionGuid = {09D5CC0E-405D-4FF9-884D-15C378B9C2AE}
	EndGlobalSection
EndGlobal
